
Microsoft Visual Studio Solution File, Format Version 12.00
# Visual Studio Version 17
VisualStudioVersion = 17.5.002.0
MinimumVisualStudioVersion = 10.0.40219.1
Project("{9A19103F-16F7-4668-BE54-9A1E7A4F7556}") = "DesafioPOO", "DesafioPOO.csproj", "{65715781-8FE7-4A53-8CAB-D55C38FE53B5}"
EndProject
Global
	GlobalSection(SolutionConfigurationPlatforms) = preSolution
		Debug|Any CPU = Debug|Any CPU
		Release|Any CPU = Release|Any CPU
	EndGlobalSection
	GlobalSection(ProjectConfigurationPlatforms) = postSolution
		{65715781-8FE7-4A53-8CAB-D55C38FE53B5}.Debug|Any CPU.ActiveCfg = Debug|Any CPU
		{65715781-8FE7-4A53-8CAB-D55C38FE53B5}.Debug|Any CPU.Build.0 = Debug|Any CPU
		{65715781-8FE7-4A53-8CAB-D55C38FE53B5}.Release|Any CPU.ActiveCfg = Release|Any CPU
		{65715781-8FE7-4A53-8CAB-D55C38FE53B5}.Release|Any CPU.Build.0 = Release|Any CPU
	EndGlobalSection
	GlobalSection(SolutionProperties) = preSolution
		HideSolutionNode = FALSE
	EndGlobalSection
	GlobalSection(ExtensibilityGlobals) = postSolution
		SolutionGuid = {386BF910-629F-4F23-9181-BCB9BD8A5839}
	EndGlobalSection
EndGlobal
